
Microsoft Visual Studio Solution File, Format Version 12.00
# Visual Studio Version 17
VisualStudioVersion = 17.13.35931.197
MinimumVisualStudioVersion = 10.0.40219.1
Project("{FAE04EC0-301F-11D3-BF4B-00C04F79EFBC}") = "UserControls_volet2", "UserControls_volet2\UserControls_volet2.csproj", "{F1F609A3-9B0D-4C69-807B-96A3975992CC}"
EndProject
Project("{2150E333-8FDC-42A3-9474-1A3956D46DE8}") = "Éléments de solution", "Éléments de solution", "{9C8CB701-102D-CF49-A3E0-89AC09D42C2C}"
EndProject
Global
	GlobalSection(SolutionConfigurationPlatforms) = preSolution
		Debug|Any CPU = Debug|Any CPU
		Release|Any CPU = Release|Any CPU
	EndGlobalSection
	GlobalSection(ProjectConfigurationPlatforms) = postSolution
		{F1F609A3-9B0D-4C69-807B-96A3975992CC}.Debug|Any CPU.ActiveCfg = Debug|Any CPU
		{F1F609A3-9B0D-4C69-807B-96A3975992CC}.Debug|Any CPU.Build.0 = Debug|Any CPU
		{F1F609A3-9B0D-4C69-807B-96A3975992CC}.Release|Any CPU.ActiveCfg = Release|Any CPU
		{F1F609A3-9B0D-4C69-807B-96A3975992CC}.Release|Any CPU.Build.0 = Release|Any CPU
	EndGlobalSection
	GlobalSection(SolutionProperties) = preSolution
		HideSolutionNode = FALSE
	EndGlobalSection
	GlobalSection(ExtensibilityGlobals) = postSolution
		SolutionGuid = {1D293F31-9708-4CB1-BD26-D7336DBA258B}
	EndGlobalSection
EndGlobal
